{
    "name": "beta",
    "version": "1.0.0",
    "lockfileVersion": 3,
    "requires": true,
    "author": "",
    "description": "",
    "keywords": [],
    "license": "ISC",
    "main": "index.js",
    "packages": {
        "": {
            "name": "beta",
            "version": "1.0.0",
            "license": "ISC",
            "dependencies": {
                "typescript": "^5.5.4"
            }
        },
        "node_modules/typescript": {
            "version": "5.5.4",
            "resolved": "https://registry.npmjs.org/typescript/-/typescript-5.5.4.tgz",
            "integrity": "sha512-Mtq29sKDAEYP7aljRgtPOpTvOfbwRWlS6dPRzwjdE+C0R4brX/GUyhHSecbHMFLNBLcJIPt9nl9yG5TZ1weH+Q==",
            "license": "Apache-2.0",
            "bin": {
                "tsc": "bin/tsc",
                "tsserver": "bin/tsserver"
            },
            "engines": {
                "node": ">=14.17"
            }
        }
    },
    "devDependencies": {
        "autoprefixer": "^10.0.0",
        "postcss": "^8.0.0",
        "postcss-loader": "^6.0.0",
        "tailwindcss": "^3.0.0",
        "typescript": "^4.0.0",
        "webpack": "^5.0.0"
    },
    "scripts": {
        "build": "npm run build:css && npm run build:js",
        "build:css": "tailwindcss -i ./src/input.css -o ./dist/output.css --minify",
        "build:js": "tsc && webpack",
        "compile": "tsc --watch",
        "watch": "npm run watch:css && npm run watch:js",
        "watch:css": "tailwindcss -i ./src/input.css -o ./dist/output.css --watch",
        "watch:js": "tsc --watch"
    }
}
